
Microsoft Visual Studio Solution File, Format Version 12.00
# Visual Studio Version 16
VisualStudioVersion = 16.0.31729.503
MinimumVisualStudioVersion = 10.0.40219.1
Project("{FAE04EC0-301F-11D3-BF4B-00C04F79EFBC}") = "SimpleUniformGrid", "SimpleUniformGrid\SimpleUniformGrid.csproj", "{F5DF3555-AD5E-4252-973B-D82448FED3CF}"
EndProject
Global
	GlobalSection(SolutionConfigurationPlatforms) = preSolution
		Debug|Any CPU = Debug|Any CPU
		Release|Any CPU = Release|Any CPU
	EndGlobalSection
	GlobalSection(ProjectConfigurationPlatforms) = postSolution
		{F5DF3555-AD5E-4252-973B-D82448FED3CF}.Debug|Any CPU.ActiveCfg = Debug|Any CPU
		{F5DF3555-AD5E-4252-973B-D82448FED3CF}.Debug|Any CPU.Build.0 = Debug|Any CPU
		{F5DF3555-AD5E-4252-973B-D82448FED3CF}.Release|Any CPU.ActiveCfg = Release|Any CPU
		{F5DF3555-AD5E-4252-973B-D82448FED3CF}.Release|Any CPU.Build.0 = Release|Any CPU
	EndGlobalSection
	GlobalSection(SolutionProperties) = preSolution
		HideSolutionNode = FALSE
	EndGlobalSection
	GlobalSection(ExtensibilityGlobals) = postSolution
		SolutionGuid = {BBD874AB-CC03-4FFA-961C-61FC3ABCF4B7}
	EndGlobalSection
EndGlobal
