
Microsoft Visual Studio Solution File, Format Version 12.00
# Visual Studio Version 16
VisualStudioVersion = 16.0.31729.503
MinimumVisualStudioVersion = 10.0.40219.1
Project("{FAE04EC0-301F-11D3-BF4B-00C04F79EFBC}") = "SplitWindow", "SplitWindow\SplitWindow.csproj", "{6BA2FF9C-F1BE-490C-BEE0-F7F2390C3102}"
EndProject
Project("{FAE04EC0-301F-11D3-BF4B-00C04F79EFBC}") = "SplitWindowV2", "SplitWindowV2\SplitWindowV2.csproj", "{88F4D9E2-5AEF-4208-BD94-E43E9E0E9F9F}"
EndProject
Project("{FAE04EC0-301F-11D3-BF4B-00C04F79EFBC}") = "DoubleSplitWindow", "DoubleSplitWindow\DoubleSplitWindow.csproj", "{8F2D7BC4-DF15-4C41-829F-E2C7473282E1}"
EndProject
Global
	GlobalSection(SolutionConfigurationPlatforms) = preSolution
		Debug|Any CPU = Debug|Any CPU
		Release|Any CPU = Release|Any CPU
	EndGlobalSection
	GlobalSection(ProjectConfigurationPlatforms) = postSolution
		{6BA2FF9C-F1BE-490C-BEE0-F7F2390C3102}.Debug|Any CPU.ActiveCfg = Debug|Any CPU
		{6BA2FF9C-F1BE-490C-BEE0-F7F2390C3102}.Debug|Any CPU.Build.0 = Debug|Any CPU
		{6BA2FF9C-F1BE-490C-BEE0-F7F2390C3102}.Release|Any CPU.ActiveCfg = Release|Any CPU
		{6BA2FF9C-F1BE-490C-BEE0-F7F2390C3102}.Release|Any CPU.Build.0 = Release|Any CPU
		{88F4D9E2-5AEF-4208-BD94-E43E9E0E9F9F}.Debug|Any CPU.ActiveCfg = Debug|Any CPU
		{88F4D9E2-5AEF-4208-BD94-E43E9E0E9F9F}.Debug|Any CPU.Build.0 = Debug|Any CPU
		{88F4D9E2-5AEF-4208-BD94-E43E9E0E9F9F}.Release|Any CPU.ActiveCfg = Release|Any CPU
		{88F4D9E2-5AEF-4208-BD94-E43E9E0E9F9F}.Release|Any CPU.Build.0 = Release|Any CPU
		{8F2D7BC4-DF15-4C41-829F-E2C7473282E1}.Debug|Any CPU.ActiveCfg = Debug|Any CPU
		{8F2D7BC4-DF15-4C41-829F-E2C7473282E1}.Debug|Any CPU.Build.0 = Debug|Any CPU
		{8F2D7BC4-DF15-4C41-829F-E2C7473282E1}.Release|Any CPU.ActiveCfg = Release|Any CPU
		{8F2D7BC4-DF15-4C41-829F-E2C7473282E1}.Release|Any CPU.Build.0 = Release|Any CPU
	EndGlobalSection
	GlobalSection(SolutionProperties) = preSolution
		HideSolutionNode = FALSE
	EndGlobalSection
	GlobalSection(ExtensibilityGlobals) = postSolution
		SolutionGuid = {EEC5AC16-D176-4FB1-BE98-ED35BEE70CCD}
	EndGlobalSection
EndGlobal
